<?xml version="1.0" encoding="UTF-8" standalone="yes" ?>
<CodeBlocks_project_file>
   <FileVersion major="1" minor="6" />
   <Project>
      <Option title="Viewer" />
      <Option makefile_is_custom="1" />
      <Option compiler="gcc" />
      <Option virtualFolders="CMake Files\;" />
      <Build>
      <Target title="all">
         <Option working_dir="/home/matthieu/Documents/viewer/Viewer-build" />
         <Option type="4" />
         <MakeCommands>
            <Build command="/usr/bin/make -f &quot;/home/matthieu/Documents/viewer/Viewer-build/Makefile&quot;  VERBOSE=1 all" />
            <CompileFile command="/usr/bin/make -f &quot;/home/matthieu/Documents/viewer/Viewer-build/Makefile&quot;  VERBOSE=1 &quot;$file&quot;" />
            <Clean command="/usr/bin/make -f &quot;/home/matthieu/Documents/viewer/Viewer-build/Makefile&quot;  VERBOSE=1 clean" />
            <DistClean command="/usr/bin/make -f &quot;/home/matthieu/Documents/viewer/Viewer-build/Makefile&quot;  VERBOSE=1 clean" />
         </MakeCommands>
      </Target>
      <Target title="Viewer">
         <Option output="/home/matthieu/Documents/viewer/Viewer-build/Viewer" prefix_auto="0" extension_auto="0" />
         <Option working_dir="/home/matthieu/Documents/viewer/Viewer-build" />
         <Option object_output="./" />
         <Option type="1" />
         <Option compiler="gcc" />
         <Compiler>
            <Add directory="/home/matthieu/Documents/viewer/Viewer/usr/include/GLFW" />
            <Add directory="/usr/include" />
            <Add directory="/usr/include/c++/4.8" />
            <Add directory="/usr/include/c++/4.8/backward" />
            <Add directory="/usr/include/x86_64-linux-gnu" />
            <Add directory="/usr/include/x86_64-linux-gnu/c++/4.8" />
            <Add directory="/usr/lib/gcc/x86_64-linux-gnu/4.8/include" />
            <Add directory="/usr/lib/gcc/x86_64-linux-gnu/4.8/include-fixed" />
            <Add directory="/usr/local/include" />
         </Compiler>
         <MakeCommands>
            <Build command="/usr/bin/make -f &quot;/home/matthieu/Documents/viewer/Viewer-build/Makefile&quot;  VERBOSE=1 Viewer" />
            <CompileFile command="/usr/bin/make -f &quot;/home/matthieu/Documents/viewer/Viewer-build/Makefile&quot;  VERBOSE=1 &quot;$file&quot;" />
            <Clean command="/usr/bin/make -f &quot;/home/matthieu/Documents/viewer/Viewer-build/Makefile&quot;  VERBOSE=1 clean" />
            <DistClean command="/usr/bin/make -f &quot;/home/matthieu/Documents/viewer/Viewer-build/Makefile&quot;  VERBOSE=1 clean" />
         </MakeCommands>
      </Target>
      <Target title="Viewer/fast">
         <Option output="/home/matthieu/Documents/viewer/Viewer-build/Viewer" prefix_auto="0" extension_auto="0" />
         <Option working_dir="/home/matthieu/Documents/viewer/Viewer-build" />
         <Option object_output="./" />
         <Option type="1" />
         <Option compiler="gcc" />
         <Compiler>
            <Add directory="/home/matthieu/Documents/viewer/Viewer/usr/include/GLFW" />
            <Add directory="/usr/include" />
            <Add directory="/usr/include/c++/4.8" />
            <Add directory="/usr/include/c++/4.8/backward" />
            <Add directory="/usr/include/x86_64-linux-gnu" />
            <Add directory="/usr/include/x86_64-linux-gnu/c++/4.8" />
            <Add directory="/usr/lib/gcc/x86_64-linux-gnu/4.8/include" />
            <Add directory="/usr/lib/gcc/x86_64-linux-gnu/4.8/include-fixed" />
            <Add directory="/usr/local/include" />
         </Compiler>
         <MakeCommands>
            <Build command="/usr/bin/make -f &quot;/home/matthieu/Documents/viewer/Viewer-build/Makefile&quot;  VERBOSE=1 Viewer/fast" />
            <CompileFile command="/usr/bin/make -f &quot;/home/matthieu/Documents/viewer/Viewer-build/Makefile&quot;  VERBOSE=1 &quot;$file&quot;" />
            <Clean command="/usr/bin/make -f &quot;/home/matthieu/Documents/viewer/Viewer-build/Makefile&quot;  VERBOSE=1 clean" />
            <DistClean command="/usr/bin/make -f &quot;/home/matthieu/Documents/viewer/Viewer-build/Makefile&quot;  VERBOSE=1 clean" />
         </MakeCommands>
      </Target>
      <Target title="rebuild_cache">
         <Option working_dir="/home/matthieu/Documents/viewer/Viewer-build" />
         <Option type="4" />
         <MakeCommands>
            <Build command="/usr/bin/make -f &quot;/home/matthieu/Documents/viewer/Viewer-build/Makefile&quot;  VERBOSE=1 rebuild_cache" />
            <CompileFile command="/usr/bin/make -f &quot;/home/matthieu/Documents/viewer/Viewer-build/Makefile&quot;  VERBOSE=1 &quot;$file&quot;" />
            <Clean command="/usr/bin/make -f &quot;/home/matthieu/Documents/viewer/Viewer-build/Makefile&quot;  VERBOSE=1 clean" />
            <DistClean command="/usr/bin/make -f &quot;/home/matthieu/Documents/viewer/Viewer-build/Makefile&quot;  VERBOSE=1 clean" />
         </MakeCommands>
      </Target>
      </Build>
      <Unit filename="/home/matthieu/Documents/viewer/Viewer/main.cpp">
      </Unit>
      <Unit filename="/home/matthieu/Documents/viewer/Viewer/matrixh.cpp">
      </Unit>
      <Unit filename="/home/matthieu/Documents/viewer/Viewer/mesh.cpp">
      </Unit>
      <Unit filename="/home/matthieu/Documents/viewer/Viewer/meshmanager.cpp">
      </Unit>
      <Unit filename="/home/matthieu/Documents/viewer/Viewer/part.cpp">
      </Unit>
      <Unit filename="/home/matthieu/Documents/viewer/Viewer/partmanager.cpp">
      </Unit>
      <Unit filename="/home/matthieu/Documents/viewer/Viewer/point.cpp">
      </Unit>
      <Unit filename="/home/matthieu/Documents/viewer/Viewer/vector.cpp">
      </Unit>
      <Unit filename="/home/matthieu/Documents/viewer/Viewer/viewer.cpp">
      </Unit>
      <Unit filename="/home/matthieu/Documents/viewer/Viewer/viewer3.cpp">
      </Unit>
      <Unit filename="/home/matthieu/Documents/viewer/Viewer/matrixh.h">
      </Unit>
      <Unit filename="/home/matthieu/Documents/viewer/Viewer/mesh.h">
      </Unit>
      <Unit filename="/home/matthieu/Documents/viewer/Viewer/meshmanager.h">
      </Unit>
      <Unit filename="/home/matthieu/Documents/viewer/Viewer/part.h">
      </Unit>
      <Unit filename="/home/matthieu/Documents/viewer/Viewer/partmanager.h">
      </Unit>
      <Unit filename="/home/matthieu/Documents/viewer/Viewer/point.h">
      </Unit>
      <Unit filename="/home/matthieu/Documents/viewer/Viewer/utility.h">
      </Unit>
      <Unit filename="/home/matthieu/Documents/viewer/Viewer/vector.h">
      </Unit>
      <Unit filename="/home/matthieu/Documents/viewer/Viewer/viewer.h">
      </Unit>
      <Unit filename="/home/matthieu/Documents/viewer/Viewer/viewer3.h">
      </Unit>
      <Unit filename="/home/matthieu/Documents/viewer/Viewer/CMakeLists.txt">
          <Option virtualFolder="CMake Files\" />
      </Unit>
   </Project>
</CodeBlocks_project_file>
